// !$*UTF8*$!
{
	archiveVersion = 1;
	classes = {
	};
	objectVersion = 50;
	objects = {

/* Begin PBXBuildFile section */
		7E41E97520BA2CBB00A59438 /* Movie.swift in Sources */ = {isa = PBXBuildFile; fileRef = 7E41E97420BA2CBB00A59438 /* Movie.swift */; };
		7E41E97720BA303E00A59438 /* Movie Controller.swift in Sources */ = {isa = PBXBuildFile; fileRef = 7E41E97620BA303E00A59438 /* Movie Controller.swift */; };
		7E66D43920B65DA200DE4F46 /* AppDelegate.swift in Sources */ = {isa = PBXBuildFile; fileRef = 7E66D43820B65DA200DE4F46 /* AppDelegate.swift */; };
		7E66D43E20B65DA200DE4F46 /* Main.storyboard in Resources */ = {isa = PBXBuildFile; fileRef = 7E66D43C20B65DA200DE4F46 /* Main.storyboard */; };
		7E66D44020B65DA300DE4F46 /* Assets.xcassets in Resources */ = {isa = PBXBuildFile; fileRef = 7E66D43F20B65DA300DE4F46 /* Assets.xcassets */; };
		7E66D44320B65DA300DE4F46 /* LaunchScreen.storyboard in Resources */ = {isa = PBXBuildFile; fileRef = 7E66D44120B65DA300DE4F46 /* LaunchScreen.storyboard */; };
/* End PBXBuildFile section */

/* Begin PBXFileReference section */
		7E41E97420BA2CBB00A59438 /* Movie.swift */ = {isa = PBXFileReference; lastKnownFileType = sourcecode.swift; path = Movie.swift; sourceTree = "<group>"; };
		7E41E97620BA303E00A59438 /* Movie Controller.swift */ = {isa = PBXFileReference; lastKnownFileType = sourcecode.swift; path = "Movie Controller.swift"; sourceTree = "<group>"; };
		7E66D43520B65DA200DE4F46 /* MovieSearch2.0.app */ = {isa = PBXFileReference; explicitFileType = wrapper.application; includeInIndex = 0; path = MovieSearch2.0.app; sourceTree = BUILT_PRODUCTS_DIR; };
		7E66D43820B65DA200DE4F46 /* AppDelegate.swift */ = {isa = PBXFileReference; lastKnownFileType = sourcecode.swift; path = AppDelegate.swift; sourceTree = "<group>"; };
		7E66D43D20B65DA200DE4F46 /* Base */ = {isa = PBXFileReference; lastKnownFileType = file.storyboard; name = Base; path = Base.lproj/Main.storyboard; sourceTree = "<group>"; };
		7E66D43F20B65DA300DE4F46 /* Assets.xcassets */ = {isa = PBXFileReference; lastKnownFileType = folder.assetcatalog; path = Assets.xcassets; sourceTree = "<group>"; };
		7E66D44220B65DA300DE4F46 /* Base */ = {isa = PBXFileReference; lastKnownFileType = file.storyboard; name = Base; path = Base.lproj/LaunchScreen.storyboard; sourceTree = "<group>"; };
		7E66D44420B65DA300DE4F46 /* Info.plist */ = {isa = PBXFileReference; lastKnownFileType = text.plist.xml; path = Info.plist; sourceTree = "<group>"; };
/* End PBXFileReference section */

/* Begin PBXFrameworksBuildPhase section */
		7E66D43220B65DA200DE4F46 /* Frameworks */ = {
			isa = PBXFrameworksBuildPhase;
			buildActionMask = 2147483647;
			files = (
			);
			runOnlyForDeploymentPostprocessing = 0;
		};
/* End PBXFrameworksBuildPhase section */

/* Begin PBXGroup section */
		7E41E96F20BA2B6900A59438 /* Resources */ = {
			isa = PBXGroup;
			children = (
				7E66D43C20B65DA200DE4F46 /* Main.storyboard */,
				7E66D44120B65DA300DE4F46 /* LaunchScreen.storyboard */,
				7E66D43820B65DA200DE4F46 /* AppDelegate.swift */,
				7E66D43F20B65DA300DE4F46 /* Assets.xcassets */,
				7E66D44420B65DA300DE4F46 /* Info.plist */,
			);
			path = Resources;
			sourceTree = "<group>";
		};
		7E41E97020BA2B7300A59438 /* Views */ = {
			isa = PBXGroup;
			children = (
			);
			path = Views;
			sourceTree = "<group>";
		};
		7E41E97120BA2B8D00A59438 /* View Controller */ = {
			isa = PBXGroup;
			children = (
			);
			path = "View Controller";
			sourceTree = "<group>";
		};
		7E41E97220BA2B9700A59438 /* Model Controller */ = {
			isa = PBXGroup;
			children = (
				7E41E97620BA303E00A59438 /* Movie Controller.swift */,
			);
			path = "Model Controller";
			sourceTree = "<group>";
		};
		7E41E97320BA2BA500A59438 /* Model */ = {
			isa = PBXGroup;
			children = (
				7E41E97420BA2CBB00A59438 /* Movie.swift */,
			);
			path = Model;
			sourceTree = "<group>";
		};
		7E66D42C20B65DA200DE4F46 = {
			isa = PBXGroup;
			children = (
				7E66D43720B65DA200DE4F46 /* MovieSearch2.0 */,
				7E66D43620B65DA200DE4F46 /* Products */,
			);
			sourceTree = "<group>";
		};
		7E66D43620B65DA200DE4F46 /* Products */ = {
			isa = PBXGroup;
			children = (
				7E66D43520B65DA200DE4F46 /* MovieSearch2.0.app */,
			);
			name = Products;
			sourceTree = "<group>";
		};
		7E66D43720B65DA200DE4F46 /* MovieSearch2.0 */ = {
			isa = PBXGroup;
			children = (
				7E41E97320BA2BA500A59438 /* Model */,
				7E41E97220BA2B9700A59438 /* Model Controller */,
				7E41E97120BA2B8D00A59438 /* View Controller */,
				7E41E97020BA2B7300A59438 /* Views */,
				7E41E96F20BA2B6900A59438 /* Resources */,
			);
			path = MovieSearch2.0;
			sourceTree = "<group>";
		};
/* End PBXGroup section */

/* Begin PBXNativeTarget section */
		7E66D43420B65DA200DE4F46 /* MovieSearch2.0 */ = {
			isa = PBXNativeTarget;
			buildConfigurationList = 7E66D44720B65DA300DE4F46 /* Build configuration list for PBXNativeTarget "MovieSearch2.0" */;
			buildPhases = (
				7E66D43120B65DA200DE4F46 /* Sources */,
				7E66D43220B65DA200DE4F46 /* Frameworks */,
				7E66D43320B65DA200DE4F46 /* Resources */,
			);
			buildRules = (
			);
			dependencies = (
			);
			name = MovieSearch2.0;
			productName = MovieSearch2.0;
			productReference = 7E66D43520B65DA200DE4F46 /* MovieSearch2.0.app */;
			productType = "com.apple.product-type.application";
		};
/* End PBXNativeTarget section */

/* Begin PBXProject section */
		7E66D42D20B65DA200DE4F46 /* Project object */ = {
			isa = PBXProject;
			attributes = {
				LastSwiftUpdateCheck = 0930;
				LastUpgradeCheck = 0930;
				ORGANIZATIONNAME = "Adam Moskovich";
				TargetAttributes = {
					7E66D43420B65DA200DE4F46 = {
						CreatedOnToolsVersion = 9.3.1;
					};
				};
			};
			buildConfigurationList = 7E66D43020B65DA200DE4F46 /* Build configuration list for PBXProject "MovieSearch2.0" */;
			compatibilityVersion = "Xcode 9.3";
			developmentRegion = en;
			hasScannedForEncodings = 0;
			knownRegions = (
				en,
				Base,
			);
			mainGroup = 7E66D42C20B65DA200DE4F46;
			productRefGroup = 7E66D43620B65DA200DE4F46 /* Products */;
			projectDirPath = "";
			projectRoot = "";
			targets = (
				7E66D43420B65DA200DE4F46 /* MovieSearch2.0 */,
			);
		};
/* End PBXProject section */

/* Begin PBXResourcesBuildPhase section */
		7E66D43320B65DA200DE4F46 /* Resources */ = {
			isa = PBXResourcesBuildPhase;
			buildActionMask = 2147483647;
			files = (
				7E66D44320B65DA300DE4F46 /* LaunchScreen.storyboard in Resources */,
				7E66D44020B65DA300DE4F46 /* Assets.xcassets in Resources */,
				7E66D43E20B65DA200DE4F46 /* Main.storyboard in Resources */,
			);
			runOnlyForDeploymentPostprocessing = 0;
		};
/* End PBXResourcesBuildPhase section */

/* Begin PBXSourcesBuildPhase section */
		7E66D43120B65DA200DE4F46 /* Sources */ = {
			isa = PBXSourcesBuildPhase;
			buildActionMask = 2147483647;
			files = (
				7E41E97720BA303E00A59438 /* Movie Controller.swift in Sources */,
				7E41E97520BA2CBB00A59438 /* Movie.swift in Sources */,
				7E66D43920B65DA200DE4F46 /* AppDelegate.swift in Sources */,
			);
			runOnlyForDeploymentPostprocessing = 0;
		};
/* End PBXSourcesBuildPhase section */

/* Begin PBXVariantGroup section */
		7E66D43C20B65DA200DE4F46 /* Main.storyboard */ = {
			isa = PBXVariantGroup;
			children = (
				7E66D43D20B65DA200DE4F46 /* Base */,
			);
			name = Main.storyboard;
			sourceTree = "<group>";
		};
		7E66D44120B65DA300DE4F46 /* LaunchScreen.storyboard */ = {
			isa = PBXVariantGroup;
			children = (
				7E66D44220B65DA300DE4F46 /* Base */,
			);
			name = LaunchScreen.storyboard;
			sourceTree = "<group>";
		};
/* End PBXVariantGroup section */

/* Begin XCBuildConfiguration section */
		7E66D44520B65DA300DE4F46 /* Debug */ = {
			isa = XCBuildConfiguration;
			buildSettings = {
				ALWAYS_SEARCH_USER_PATHS = NO;
				CLANG_ANALYZER_NONNULL = YES;
				CLANG_ANALYZER_NUMBER_OBJECT_CONVERSION = YES_AGGRESSIVE;
				CLANG_CXX_LANGUAGE_STANDARD = "gnu++14";
				CLANG_CXX_LIBRARY = "libc++";
				CLANG_ENABLE_MODULES = YES;
				CLANG_ENABLE_OBJC_ARC = YES;
				CLANG_ENABLE_OBJC_WEAK = YES;
				CLANG_WARN_BLOCK_CAPTURE_AUTORELEASING = YES;
				CLANG_WARN_BOOL_CONVERSION = YES;
				CLANG_WARN_COMMA = YES;
				CLANG_WARN_CONSTANT_CONVERSION = YES;
				CLANG_WARN_DEPRECATED_OBJC_IMPLEMENTATIONS = YES;
				CLANG_WARN_DIRECT_OBJC_ISA_USAGE = YES_ERROR;
				CLANG_WARN_DOCUMENTATION_COMMENTS = YES;
				CLANG_WARN_EMPTY_BODY = YES;
				CLANG_WARN_ENUM_CONVERSION = YES;
				CLANG_WARN_INFINITE_RECURSION = YES;
				CLANG_WARN_INT_CONVERSION = YES;
				CLANG_WARN_NON_LITERAL_NULL_CONVERSION = YES;
				CLANG_WARN_OBJC_IMPLICIT_RETAIN_SELF = YES;
				CLANG_WARN_OBJC_LITERAL_CONVERSION = YES;
				CLANG_WARN_OBJC_ROOT_CLASS = YES_ERROR;
				CLANG_WARN_RANGE_LOOP_ANALYSIS = YES;
				CLANG_WARN_STRICT_PROTOTYPES = YES;
				CLANG_WARN_SUSPICIOUS_MOVE = YES;
				CLANG_WARN_UNGUARDED_AVAILABILITY = YES_AGGRESSIVE;
				CLANG_WARN_UNREACHABLE_CODE = YES;
				CLANG_WARN__DUPLICATE_METHOD_MATCH = YES;
				CODE_SIGN_IDENTITY = "iPhone Developer";
				COPY_PHASE_STRIP = NO;
				DEBUG_INFORMATION_FORMAT = dwarf;
				ENABLE_STRICT_OBJC_MSGSEND = YES;
				ENABLE_TESTABILITY = YES;
				GCC_C_LANGUAGE_STANDARD = gnu11;
				GCC_DYNAMIC_NO_PIC = NO;
				GCC_NO_COMMON_BLOCKS = YES;
				GCC_OPTIMIZATION_LEVEL = 0;
				GCC_PREPROCESSOR_DEFINITIONS = (
					"DEBUG=1",
					"$(inherited)",
				);
				GCC_WARN_64_TO_32_BIT_CONVERSION = YES;
				GCC_WARN_ABOUT_RETURN_TYPE = YES_ERROR;
				GCC_WARN_UNDECLARED_SELECTOR = YES;
				GCC_WARN_UNINITIALIZED_AUTOS = YES_AGGRESSIVE;
				GCC_WARN_UNUSED_FUNCTION = YES;
				GCC_WARN_UNUSED_VARIABLE = YES;
				IPHONEOS_DEPLOYMENT_TARGET = 11.3;
				MTL_ENABLE_DEBUG_INFO = YES;
				ONLY_ACTIVE_ARCH = YES;
				SDKROOT = iphoneos;
				SWIFT_ACTIVE_COMPILATION_CONDITIONS = DEBUG;
				SWIFT_OPTIMIZATION_LEVEL = "-Onone";
			};
			name = Debug;
		};
		7E66D44620B65DA300DE4F46 /* Release */ = {
			isa = XCBuildConfiguration;
			buildSettings = {
				ALWAYS_SEARCH_USER_PATHS = NO;
				CLANG_ANALYZER_NONNULL = YES;
				CLANG_ANALYZER_NUMBER_OBJECT_CONVERSION = YES_AGGRESSIVE;
				CLANG_CXX_LANGUAGE_STANDARD = "gnu++14";
				CLANG_CXX_LIBRARY = "libc++";
				CLANG_ENABLE_MODULES = YES;
				CLANG_ENABLE_OBJC_ARC = YES;
				CLANG_ENABLE_OBJC_WEAK = YES;
				CLANG_WARN_BLOCK_CAPTURE_AUTORELEASING = YES;
				CLANG_WARN_BOOL_CONVERSION = YES;
				CLANG_WARN_COMMA = YES;
				CLANG_WARN_CONSTANT_CONVERSION = YES;
				CLANG_WARN_DEPRECATED_OBJC_IMPLEMENTATIONS = YES;
				CLANG_WARN_DIRECT_OBJC_ISA_USAGE = YES_ERROR;
				CLANG_WARN_DOCUMENTATION_COMMENTS = YES;
				CLANG_WARN_EMPTY_BODY = YES;
				CLANG_WARN_ENUM_CONVERSION = YES;
				CLANG_WARN_INFINITE_RECURSION = YES;
				CLANG_WARN_INT_CONVERSION = YES;
				CLANG_WARN_NON_LITERAL_NULL_CONVERSION = YES;
				CLANG_WARN_OBJC_IMPLICIT_RETAIN_SELF = YES;
				CLANG_WARN_OBJC_LITERAL_CONVERSION = YES;
				CLANG_WARN_OBJC_ROOT_CLASS = YES_ERROR;
				CLANG_WARN_RANGE_LOOP_ANALYSIS = YES;
				CLANG_WARN_STRICT_PROTOTYPES = YES;
				CLANG_WARN_SUSPICIOUS_MOVE = YES;
				CLANG_WARN_UNGUARDED_AVAILABILITY = YES_AGGRESSIVE;
				CLANG_WARN_UNREACHABLE_CODE = YES;
				CLANG_WARN__DUPLICATE_METHOD_MATCH = YES;
				CODE_SIGN_IDENTITY = "iPhone Developer";
				COPY_PHASE_STRIP = NO;
				DEBUG_INFORMATION_FORMAT = "dwarf-with-dsym";
				ENABLE_NS_ASSERTIONS = NO;
				ENABLE_STRICT_OBJC_MSGSEND = YES;
				GCC_C_LANGUAGE_STANDARD = gnu11;
				GCC_NO_COMMON_BLOCKS = YES;
				GCC_WARN_64_TO_32_BIT_CONVERSION = YES;
				GCC_WARN_ABOUT_RETURN_TYPE = YES_ERROR;
				GCC_WARN_UNDECLARED_SELECTOR = YES;
				GCC_WARN_UNINITIALIZED_AUTOS = YES_AGGRESSIVE;
				GCC_WARN_UNUSED_FUNCTION = YES;
				GCC_WARN_UNUSED_VARIABLE = YES;
				IPHONEOS_DEPLOYMENT_TARGET = 11.3;
				MTL_ENABLE_DEBUG_INFO = NO;
				SDKROOT = iphoneos;
				SWIFT_COMPILATION_MODE = wholemodule;
				SWIFT_OPTIMIZATION_LEVEL = "-O";
				VALIDATE_PRODUCT = YES;
			};
			name = Release;
		};
		7E66D44820B65DA300DE4F46 /* Debug */ = {
			isa = XCBuildConfiguration;
			buildSettings = {
				ASSETCATALOG_COMPILER_APPICON_NAME = AppIcon;
				CODE_SIGN_STYLE = Automatic;
				DEVELOPMENT_TEAM = DBM67E5D74;
				INFOPLIST_FILE = "$(SRCROOT)/MovieSearch2.0/Resources/Info.plist";
				LD_RUNPATH_SEARCH_PATHS = (
					"$(inherited)",
					"@executable_path/Frameworks",
				);
				PRODUCT_BUNDLE_IDENTIFIER = "com.adammoskovich.MovieSearch2-0";
				PRODUCT_NAME = "$(TARGET_NAME)";
				SWIFT_VERSION = 4.0;
				TARGETED_DEVICE_FAMILY = "1,2";
			};
			name = Debug;
		};
		7E66D44920B65DA300DE4F46 /* Release */ = {
			isa = XCBuildConfiguration;
			buildSettings = {
				ASSETCATALOG_COMPILER_APPICON_NAME = AppIcon;
				CODE_SIGN_STYLE = Automatic;
				DEVELOPMENT_TEAM = DBM67E5D74;
				INFOPLIST_FILE = "$(SRCROOT)/MovieSearch2.0/Resources/Info.plist";
				LD_RUNPATH_SEARCH_PATHS = (
					"$(inherited)",
					"@executable_path/Frameworks",
				);
				PRODUCT_BUNDLE_IDENTIFIER = "com.adammoskovich.MovieSearch2-0";
				PRODUCT_NAME = "$(TARGET_NAME)";
				SWIFT_VERSION = 4.0;
				TARGETED_DEVICE_FAMILY = "1,2";
			};
			name = Release;
		};
/* End XCBuildConfiguration section */

/* Begin XCConfigurationList section */
		7E66D43020B65DA200DE4F46 /* Build configuration list for PBXProject "MovieSearch2.0" */ = {
			isa = XCConfigurationList;
			buildConfigurations = (
				7E66D44520B65DA300DE4F46 /* Debug */,
				7E66D44620B65DA300DE4F46 /* Release */,
			);
			defaultConfigurationIsVisible = 0;
			defaultConfigurationName = Release;
		};
		7E66D44720B65DA300DE4F46 /* Build configuration list for PBXNativeTarget "MovieSearch2.0" */ = {
			isa = XCConfigurationList;
			buildConfigurations = (
				7E66D44820B65DA300DE4F46 /* Debug */,
				7E66D44920B65DA300DE4F46 /* Release */,
			);
			defaultConfigurationIsVisible = 0;
			defaultConfigurationName = Release;
		};
/* End XCConfigurationList section */
	};
	rootObject = 7E66D42D20B65DA200DE4F46 /* Project object */;
}
